
Microsoft Visual Studio Solution File, Format Version 12.00
# Visual Studio 15
VisualStudioVersion = 15.0.28307.168
MinimumVisualStudioVersion = 10.0.40219.1
Project("{FAE04EC0-301F-11D3-BF4B-00C04F79EFBC}") = "SoftwareContable CB", "SoftwareContable CB\SoftwareContable CB.csproj", "{D49A984D-F46A-4D56-BA3B-71559BB9599F}"
EndProject
Project("{FAE04EC0-301F-11D3-BF4B-00C04F79EFBC}") = "SoftwareContable CB.Tests", "SoftwareContable CB.Tests\SoftwareContable CB.Tests.csproj", "{64B75BAF-71B4-4071-A11D-3BD901CE526F}"
EndProject
Project("{FAE04EC0-301F-11D3-BF4B-00C04F79EFBC}") = "BLL", "BLL\BLL.csproj", "{3E07E147-C717-4E86-9687-91FC3183B9A2}"
EndProject
Project("{FAE04EC0-301F-11D3-BF4B-00C04F79EFBC}") = "DAL", "DAL\DAL.csproj", "{3A74B006-3A65-47C3-9164-01F9EB719461}"
EndProject
Project("{FAE04EC0-301F-11D3-BF4B-00C04F79EFBC}") = "Entidades", "Entidades\Entidades.csproj", "{D6707D6A-AF61-4C52-B44C-D0B3482E13F8}"
EndProject
Global
	GlobalSection(SolutionConfigurationPlatforms) = preSolution
		Debug|Any CPU = Debug|Any CPU
		Release|Any CPU = Release|Any CPU
	EndGlobalSection
	GlobalSection(ProjectConfigurationPlatforms) = postSolution
		{D49A984D-F46A-4D56-BA3B-71559BB9599F}.Debug|Any CPU.ActiveCfg = Debug|Any CPU
		{D49A984D-F46A-4D56-BA3B-71559BB9599F}.Debug|Any CPU.Build.0 = Debug|Any CPU
		{D49A984D-F46A-4D56-BA3B-71559BB9599F}.Release|Any CPU.ActiveCfg = Release|Any CPU
		{D49A984D-F46A-4D56-BA3B-71559BB9599F}.Release|Any CPU.Build.0 = Release|Any CPU
		{64B75BAF-71B4-4071-A11D-3BD901CE526F}.Debug|Any CPU.ActiveCfg = Debug|Any CPU
		{64B75BAF-71B4-4071-A11D-3BD901CE526F}.Debug|Any CPU.Build.0 = Debug|Any CPU
		{64B75BAF-71B4-4071-A11D-3BD901CE526F}.Release|Any CPU.ActiveCfg = Release|Any CPU
		{64B75BAF-71B4-4071-A11D-3BD901CE526F}.Release|Any CPU.Build.0 = Release|Any CPU
		{3E07E147-C717-4E86-9687-91FC3183B9A2}.Debug|Any CPU.ActiveCfg = Debug|Any CPU
		{3E07E147-C717-4E86-9687-91FC3183B9A2}.Debug|Any CPU.Build.0 = Debug|Any CPU
		{3E07E147-C717-4E86-9687-91FC3183B9A2}.Release|Any CPU.ActiveCfg = Release|Any CPU
		{3E07E147-C717-4E86-9687-91FC3183B9A2}.Release|Any CPU.Build.0 = Release|Any CPU
		{3A74B006-3A65-47C3-9164-01F9EB719461}.Debug|Any CPU.ActiveCfg = Debug|Any CPU
		{3A74B006-3A65-47C3-9164-01F9EB719461}.Debug|Any CPU.Build.0 = Debug|Any CPU
		{3A74B006-3A65-47C3-9164-01F9EB719461}.Release|Any CPU.ActiveCfg = Release|Any CPU
		{3A74B006-3A65-47C3-9164-01F9EB719461}.Release|Any CPU.Build.0 = Release|Any CPU
		{D6707D6A-AF61-4C52-B44C-D0B3482E13F8}.Debug|Any CPU.ActiveCfg = Debug|Any CPU
		{D6707D6A-AF61-4C52-B44C-D0B3482E13F8}.Debug|Any CPU.Build.0 = Debug|Any CPU
		{D6707D6A-AF61-4C52-B44C-D0B3482E13F8}.Release|Any CPU.ActiveCfg = Release|Any CPU
		{D6707D6A-AF61-4C52-B44C-D0B3482E13F8}.Release|Any CPU.Build.0 = Release|Any CPU
	EndGlobalSection
	GlobalSection(SolutionProperties) = preSolution
		HideSolutionNode = FALSE
	EndGlobalSection
	GlobalSection(ExtensibilityGlobals) = postSolution
		SolutionGuid = {156E84DD-9627-4D90-A257-CB0644661715}
	EndGlobalSection
EndGlobal
